
Microsoft Visual Studio Solution File, Format Version 12.00
# Visual Studio 2013
VisualStudioVersion = 12.0.40629.0
MinimumVisualStudioVersion = 10.0.40219.1
Project("{FAE04EC0-301F-11D3-BF4B-00C04F79EFBC}") = "Xania.IoC", "Xania.IoC\Xania.IoC.csproj", "{B02590C4-2782-42AA-9351-B953324CE021}"
EndProject
Project("{FAE04EC0-301F-11D3-BF4B-00C04F79EFBC}") = "Xania.IoC.Tests", "Xania.IoC.Tests\Xania.IoC.Tests.csproj", "{6A231C56-E206-49CF-8DC7-8F636C1B2EC5}"
EndProject
Global
	GlobalSection(SolutionConfigurationPlatforms) = preSolution
		Debug|Any CPU = Debug|Any CPU
		Release|Any CPU = Release|Any CPU
	EndGlobalSection
	GlobalSection(ProjectConfigurationPlatforms) = postSolution
		{B02590C4-2782-42AA-9351-B953324CE021}.Debug|Any CPU.ActiveCfg = Debug|Any CPU
		{B02590C4-2782-42AA-9351-B953324CE021}.Debug|Any CPU.Build.0 = Debug|Any CPU
		{B02590C4-2782-42AA-9351-B953324CE021}.Release|Any CPU.ActiveCfg = Release|Any CPU
		{B02590C4-2782-42AA-9351-B953324CE021}.Release|Any CPU.Build.0 = Release|Any CPU
		{6A231C56-E206-49CF-8DC7-8F636C1B2EC5}.Debug|Any CPU.ActiveCfg = Debug|Any CPU
		{6A231C56-E206-49CF-8DC7-8F636C1B2EC5}.Debug|Any CPU.Build.0 = Debug|Any CPU
		{6A231C56-E206-49CF-8DC7-8F636C1B2EC5}.Release|Any CPU.ActiveCfg = Release|Any CPU
		{6A231C56-E206-49CF-8DC7-8F636C1B2EC5}.Release|Any CPU.Build.0 = Release|Any CPU
	EndGlobalSection
	GlobalSection(SolutionProperties) = preSolution
		HideSolutionNode = FALSE
	EndGlobalSection
EndGlobal
